{
  "requires": true,
  "lockfileVersion": 1,
  "dependencies": {
    "date-fns": {
      "version": "2.12.0",
      "resolved": "https://registry.npmjs.org/date-fns/-/date-fns-2.12.0.tgz",
      "integrity": "sha512-qJgn99xxKnFgB1qL4jpxU7Q2t0LOn1p8KMIveef3UZD7kqjT3tpFNNdXJelEHhE+rUgffriXriw/sOSU+cS1Hw=="
    }
  }
}
